Microsoft Visual Studio Solution File, Format Version 12.00
# Visual Studio Version 17
VisualStudioVersion = 17.5.2.0
MinimumVisualStudioVersion = 10.0.40219.1
Project("{2150E333-8FDC-42A3-9474-1A3956D46DE8}") = "two_pointers", "two_pointers", "{A20C0C8D-2973-D514-C107-17ED6288EE8C}"
EndProject
Project("{FAE04EC0-301F-11D3-BF4B-00C04F79EFBC}") = "MyConsoleApp", "two_pointers\container-with-most-water\MyConsoleApp.csproj", "{999506E5-186C-DA2C-1139-04AB32411A04}"
EndProject
Global
	GlobalSection(SolutionConfigurationPlatforms) = preSolution
		Debug|Any CPU = Debug|Any CPU
		Release|Any CPU = Release|Any CPU
	EndGlobalSection
	GlobalSection(ProjectConfigurationPlatforms) = postSolution
		{999506E5-186C-DA2C-1139-04AB32411A04}.Debug|Any CPU.ActiveCfg = Debug|Any CPU
		{999506E5-186C-DA2C-1139-04AB32411A04}.Debug|Any CPU.Build.0 = Debug|Any CPU
		{999506E5-186C-DA2C-1139-04AB32411A04}.Release|Any CPU.ActiveCfg = Release|Any CPU
		{999506E5-186C-DA2C-1139-04AB32411A04}.Release|Any CPU.Build.0 = Release|Any CPU
	EndGlobalSection
	GlobalSection(SolutionProperties) = preSolution
		HideSolutionNode = FALSE
	EndGlobalSection
	GlobalSection(NestedProjects) = preSolution
		{999506E5-186C-DA2C-1139-04AB32411A04} = {A20C0C8D-2973-D514-C107-17ED6288EE8C}
	EndGlobalSection
	GlobalSection(ExtensibilityGlobals) = postSolution
		SolutionGuid = {BB45A829-6168-42C6-A1D4-453C485D86FA}
	EndGlobalSection
EndGlobal
